{
  "projects": [
    {
      "projectId": "seaQhLVS4bbjiGvJJrRwyL",
      "version": "15.0.3",
      "dependencies": {},
      "lang": "ts",
      "fileLocks": [
        {
          "assetId": "seaQhLVS4bbjiGvJJrRwyL",
          "type": "projectCss",
          "checksum": "85f7ca190f576c5a2499623973afb625"
        }
      ]
    },
    {
      "projectId": "pe9Zx7A91nx77QMfLiKwD",
      "version": "latest",
      "dependencies": {
        "seaQhLVS4bbjiGvJJrRwyL": "15.0.3"
      },
      "lang": "ts",
      "fileLocks": [
        {
          "type": "globalVariant",
          "assetId": "wMElkBnuSBnk",
          "checksum": "9762b65169cf80b5456530fe0675f5ac"
        },
        {
          "type": "renderModule",
          "assetId": "zlHPe3CP2d8",
          "checksum": "2060696009e19475f191de13e5bab614"
        },
        {
          "type": "cssRules",
          "assetId": "zlHPe3CP2d8",
          "checksum": "2060696009e19475f191de13e5bab614"
        },
        {
          "type": "renderModule",
          "assetId": "1hDB2iF1uu9",
          "checksum": "57fdc7b18cba59ad2ba79cda923b1767"
        },
        {
          "type": "cssRules",
          "assetId": "1hDB2iF1uu9",
          "checksum": "57fdc7b18cba59ad2ba79cda923b1767"
        },
        {
          "type": "renderModule",
          "assetId": "BFEvheJ68r2",
          "checksum": "1fd38478072d248c827bc74f240da3fb"
        },
        {
          "type": "cssRules",
          "assetId": "BFEvheJ68r2",
          "checksum": "1fd38478072d248c827bc74f240da3fb"
        },
        {
          "type": "renderModule",
          "assetId": "YmEkrS8oLm8",
          "checksum": "a38faa5ac6dc3cb634dfdaeeb9b85104"
        },
        {
          "type": "cssRules",
          "assetId": "YmEkrS8oLm8",
          "checksum": "a38faa5ac6dc3cb634dfdaeeb9b85104"
        },
        {
          "type": "renderModule",
          "assetId": "Vqls-WO8FjU",
          "checksum": "e506ed86dd9ab0580733b795a82e3b25"
        },
        {
          "type": "cssRules",
          "assetId": "Vqls-WO8FjU",
          "checksum": "e506ed86dd9ab0580733b795a82e3b25"
        },
        {
          "type": "renderModule",
          "assetId": "BFy4g_2JJp_",
          "checksum": "d6fefae4e3d5fb005286f91e0aba88ec"
        },
        {
          "type": "cssRules",
          "assetId": "BFy4g_2JJp_",
          "checksum": "d6fefae4e3d5fb005286f91e0aba88ec"
        },
        {
          "type": "renderModule",
          "assetId": "mChVE37Qy1f",
          "checksum": "d4d746e7bf3b83f401d860b13670d441"
        },
        {
          "type": "cssRules",
          "assetId": "mChVE37Qy1f",
          "checksum": "d4d746e7bf3b83f401d860b13670d441"
        },
        {
          "type": "renderModule",
          "assetId": "J30t4sgv6Td",
          "checksum": "715bf2f5e9acb8185bd0569a232b0f20"
        },
        {
          "type": "cssRules",
          "assetId": "J30t4sgv6Td",
          "checksum": "715bf2f5e9acb8185bd0569a232b0f20"
        },
        {
          "type": "renderModule",
          "assetId": "YlXOHfol-N9v",
          "checksum": "dfc6f66dd40fd3cc3503f24d0ca3690f"
        },
        {
          "type": "cssRules",
          "assetId": "YlXOHfol-N9v",
          "checksum": "dfc6f66dd40fd3cc3503f24d0ca3690f"
        },
        {
          "type": "renderModule",
          "assetId": "ypmftvh6VAti",
          "checksum": "8a6e8bf11da980e2d18e8552530063da"
        },
        {
          "type": "cssRules",
          "assetId": "ypmftvh6VAti",
          "checksum": "8a6e8bf11da980e2d18e8552530063da"
        },
        {
          "type": "renderModule",
          "assetId": "w6naBfCt2sqX",
          "checksum": "fd3e4cabd789d70dc2e2cae7621ca97e"
        },
        {
          "type": "cssRules",
          "assetId": "w6naBfCt2sqX",
          "checksum": "fd3e4cabd789d70dc2e2cae7621ca97e"
        },
        {
          "type": "renderModule",
          "assetId": "07MxpX7fjHo4",
          "checksum": "35ca02eac3613680a88e21daf369b579"
        },
        {
          "type": "cssRules",
          "assetId": "07MxpX7fjHo4",
          "checksum": "35ca02eac3613680a88e21daf369b579"
        },
        {
          "type": "renderModule",
          "assetId": "DlcJ2nDkANPd",
          "checksum": "ab97049c5466690f68fecec49bf7be76"
        },
        {
          "type": "cssRules",
          "assetId": "DlcJ2nDkANPd",
          "checksum": "ab97049c5466690f68fecec49bf7be76"
        },
        {
          "type": "renderModule",
          "assetId": "HDxfYSYlMRl3",
          "checksum": "410b46add159ca0c23d2b7994abe8549"
        },
        {
          "type": "cssRules",
          "assetId": "HDxfYSYlMRl3",
          "checksum": "410b46add159ca0c23d2b7994abe8549"
        },
        {
          "type": "renderModule",
          "assetId": "9gqZVw2Lbl70",
          "checksum": "9892fd747a2cea4dca48e32c5aedcd0b"
        },
        {
          "type": "cssRules",
          "assetId": "9gqZVw2Lbl70",
          "checksum": "9892fd747a2cea4dca48e32c5aedcd0b"
        },
        {
          "type": "renderModule",
          "assetId": "0wrj4H0ys-px",
          "checksum": "16c9e3a7a0a1f09eb8cc763a4482fa26"
        },
        {
          "type": "cssRules",
          "assetId": "0wrj4H0ys-px",
          "checksum": "16c9e3a7a0a1f09eb8cc763a4482fa26"
        },
        {
          "type": "renderModule",
          "assetId": "9OT7BG60TZM-",
          "checksum": "92fe0b46ad24e30abd0335eac3ee82d0"
        },
        {
          "type": "cssRules",
          "assetId": "9OT7BG60TZM-",
          "checksum": "92fe0b46ad24e30abd0335eac3ee82d0"
        },
        {
          "type": "icon",
          "assetId": "2CAgFO_gdBgk",
          "checksum": "b1a641315557a01b5521eac907394a6a"
        },
        {
          "type": "icon",
          "assetId": "Z-lkPMsc4OE8",
          "checksum": "3496f5be007ac1ed6765d02a04beaf80"
        },
        {
          "type": "icon",
          "assetId": "T7xEvb2-bPf-",
          "checksum": "ce030e1234354fb099c8a3e1e484b1d3"
        },
        {
          "type": "icon",
          "assetId": "6fHVNvP83tOp",
          "checksum": "2af15def49186276adfb1067698c8371"
        },
        {
          "type": "icon",
          "assetId": "5YoX-nw4Uw8R",
          "checksum": "9755844f3587ed30edc87d3fea9dd2f5"
        },
        {
          "type": "icon",
          "assetId": "gek1vgOrOq2m",
          "checksum": "d0dfbffb25ff84b039e60eef474b09af"
        },
        {
          "type": "icon",
          "assetId": "jrsV9HnpSWzW",
          "checksum": "421cbc4239357745adc410799ee09d0a"
        },
        {
          "type": "icon",
          "assetId": "EENykJ-uIpHk",
          "checksum": "a0bdcb213ad8ddd40550c5af7ae24b7d"
        },
        {
          "type": "icon",
          "assetId": "6J2BsgGo8FCf",
          "checksum": "3bfd72e0706f406725ae92c06f9d2703"
        },
        {
          "type": "icon",
          "assetId": "0Czax9lmbl_z",
          "checksum": "2aeeca481104f02175d85dcfe413281c"
        },
        {
          "type": "icon",
          "assetId": "YnEuPwfp6b04",
          "checksum": "00fd672995907fac5bf7186415ce1711"
        },
        {
          "type": "icon",
          "assetId": "Jx0x7TRBFgAS",
          "checksum": "c7c3cb195266a2dc222fc94333115bed"
        },
        {
          "type": "icon",
          "assetId": "YreJgU_2pnro",
          "checksum": "30477d92def44b9604d9a91cf6ba8003"
        },
        {
          "type": "icon",
          "assetId": "sSiDX7zixiiE",
          "checksum": "17d87d1f98780c5a4ad480b58e0553c1"
        },
        {
          "type": "icon",
          "assetId": "H8j8mjfhuvgG",
          "checksum": "ded6cffbc9f5e6e64917fbe99bc2f981"
        },
        {
          "type": "icon",
          "assetId": "fbEukJ3kt8ph",
          "checksum": "b7a277d1692b8044052b9c637fcb455b"
        },
        {
          "type": "icon",
          "assetId": "X5hGqJai_jfn",
          "checksum": "a2a5d6ad19f0cee142299234ada653c2"
        },
        {
          "type": "icon",
          "assetId": "vrt6Frs8h9kS",
          "checksum": "d45d5d3eb4e9019cedbd6decd87e7a34"
        },
        {
          "type": "icon",
          "assetId": "Lxx8gccsBipy",
          "checksum": "7ca57fbe0e8b730f080c594d76eaab73"
        },
        {
          "type": "icon",
          "assetId": "oI2IzSaOg-a3",
          "checksum": "36b117dd388c51ccbe8e4185e729a742"
        },
        {
          "type": "image",
          "assetId": "6QJePv-a5pBt",
          "checksum": "6ece60528ba363011211eb6a8fb89281"
        },
        {
          "type": "image",
          "assetId": "2QaQkc0zt9Gw",
          "checksum": "6ed34791f70e3b7abcccc0d5f9580543"
        },
        {
          "type": "image",
          "assetId": "-GZPOADJdleG",
          "checksum": "d367372d51d26b0f48cad3ad18fe75bc"
        },
        {
          "type": "image",
          "assetId": "NWkKeiXs_PoN",
          "checksum": "9932c2342e288a330ddf41bc9a60e544"
        },
        {
          "assetId": "pe9Zx7A91nx77QMfLiKwD",
          "type": "projectCss",
          "checksum": "f3fea659b66f080f1ba6bfc815b992ba"
        }
      ]
    }
  ],
  "cliVersion": "0.1.161"
}
