{
  "projects": [
    {
      "projectId": "seaQhLVS4bbjiGvJJrRwyL",
      "version": "15.0.3",
      "dependencies": {},
      "lang": "ts",
      "fileLocks": [
        {
          "assetId": "seaQhLVS4bbjiGvJJrRwyL",
          "type": "projectCss",
          "checksum": "96d0c5256c70ddefc2366d3580ce9213"
        }
      ],
      "codegenVersion": "0.0.1"
    },
    {
      "projectId": "pe9Zx7A91nx77QMfLiKwD",
      "version": "latest",
      "dependencies": {
        "seaQhLVS4bbjiGvJJrRwyL": "15.0.3"
      },
      "lang": "ts",
      "fileLocks": [
        {
          "type": "globalVariant",
          "assetId": "wMElkBnuSBnk",
          "checksum": "9762b65169cf80b5456530fe0675f5ac"
        },
        {
          "type": "renderModule",
          "assetId": "zlHPe3CP2d8",
          "checksum": "defba3f63bfc1a892201ef9f83b9fd4b"
        },
        {
          "type": "cssRules",
          "assetId": "zlHPe3CP2d8",
          "checksum": "defba3f63bfc1a892201ef9f83b9fd4b"
        },
        {
          "type": "renderModule",
          "assetId": "1hDB2iF1uu9",
          "checksum": "c2e99cfa4c4507546b6cfd2ad022223c"
        },
        {
          "type": "cssRules",
          "assetId": "1hDB2iF1uu9",
          "checksum": "c2e99cfa4c4507546b6cfd2ad022223c"
        },
        {
          "type": "renderModule",
          "assetId": "BFEvheJ68r2",
          "checksum": "4e796983f158c66bd930add3656f309b"
        },
        {
          "type": "cssRules",
          "assetId": "BFEvheJ68r2",
          "checksum": "4e796983f158c66bd930add3656f309b"
        },
        {
          "type": "renderModule",
          "assetId": "YmEkrS8oLm8",
          "checksum": "8eb3b9b89dda17acc118995bf1077c4b"
        },
        {
          "type": "cssRules",
          "assetId": "YmEkrS8oLm8",
          "checksum": "8eb3b9b89dda17acc118995bf1077c4b"
        },
        {
          "type": "renderModule",
          "assetId": "Vqls-WO8FjU",
          "checksum": "befae979f40512244da04ae5488e736a"
        },
        {
          "type": "cssRules",
          "assetId": "Vqls-WO8FjU",
          "checksum": "befae979f40512244da04ae5488e736a"
        },
        {
          "type": "renderModule",
          "assetId": "BFy4g_2JJp_",
          "checksum": "cc303f4cfc4a3ca35d73a0e43afa1d41"
        },
        {
          "type": "cssRules",
          "assetId": "BFy4g_2JJp_",
          "checksum": "cc303f4cfc4a3ca35d73a0e43afa1d41"
        },
        {
          "type": "renderModule",
          "assetId": "mChVE37Qy1f",
          "checksum": "08005bd8731139b7d69bebbad264a90b"
        },
        {
          "type": "cssRules",
          "assetId": "mChVE37Qy1f",
          "checksum": "08005bd8731139b7d69bebbad264a90b"
        },
        {
          "type": "renderModule",
          "assetId": "J30t4sgv6Td",
          "checksum": "af2dc7aed1d3daa373673e6f7bb46464"
        },
        {
          "type": "cssRules",
          "assetId": "J30t4sgv6Td",
          "checksum": "af2dc7aed1d3daa373673e6f7bb46464"
        },
        {
          "type": "renderModule",
          "assetId": "YlXOHfol-N9v",
          "checksum": "c95484ef1de7be0497a09e030307f449"
        },
        {
          "type": "cssRules",
          "assetId": "YlXOHfol-N9v",
          "checksum": "c95484ef1de7be0497a09e030307f449"
        },
        {
          "type": "renderModule",
          "assetId": "ypmftvh6VAti",
          "checksum": "d0daf62f80adae97d6d47d44f368100e"
        },
        {
          "type": "cssRules",
          "assetId": "ypmftvh6VAti",
          "checksum": "d0daf62f80adae97d6d47d44f368100e"
        },
        {
          "type": "renderModule",
          "assetId": "w6naBfCt2sqX",
          "checksum": "ae905ec22c72b113238cd03ca3115268"
        },
        {
          "type": "cssRules",
          "assetId": "w6naBfCt2sqX",
          "checksum": "ae905ec22c72b113238cd03ca3115268"
        },
        {
          "type": "renderModule",
          "assetId": "07MxpX7fjHo4",
          "checksum": "d56c51d51c9eba5d1542d42aa72fd8af"
        },
        {
          "type": "cssRules",
          "assetId": "07MxpX7fjHo4",
          "checksum": "d56c51d51c9eba5d1542d42aa72fd8af"
        },
        {
          "type": "renderModule",
          "assetId": "DlcJ2nDkANPd",
          "checksum": "3abfc6ddbf39065faa6b53541f41b8cb"
        },
        {
          "type": "cssRules",
          "assetId": "DlcJ2nDkANPd",
          "checksum": "3abfc6ddbf39065faa6b53541f41b8cb"
        },
        {
          "type": "renderModule",
          "assetId": "HDxfYSYlMRl3",
          "checksum": "ba0afdd5c397ae70798037c7999b2f70"
        },
        {
          "type": "cssRules",
          "assetId": "HDxfYSYlMRl3",
          "checksum": "ba0afdd5c397ae70798037c7999b2f70"
        },
        {
          "type": "renderModule",
          "assetId": "9gqZVw2Lbl70",
          "checksum": "96f965bf18b663a794d8d1a9740bc3bf"
        },
        {
          "type": "cssRules",
          "assetId": "9gqZVw2Lbl70",
          "checksum": "96f965bf18b663a794d8d1a9740bc3bf"
        },
        {
          "type": "renderModule",
          "assetId": "0wrj4H0ys-px",
          "checksum": "0022dfc45099babc99330f70c0842a97"
        },
        {
          "type": "cssRules",
          "assetId": "0wrj4H0ys-px",
          "checksum": "0022dfc45099babc99330f70c0842a97"
        },
        {
          "type": "renderModule",
          "assetId": "9OT7BG60TZM-",
          "checksum": "d19bde0590673c28c3a61528187b2e90"
        },
        {
          "type": "cssRules",
          "assetId": "9OT7BG60TZM-",
          "checksum": "d19bde0590673c28c3a61528187b2e90"
        },
        {
          "type": "icon",
          "assetId": "2CAgFO_gdBgk",
          "checksum": "b1a641315557a01b5521eac907394a6a"
        },
        {
          "type": "icon",
          "assetId": "Z-lkPMsc4OE8",
          "checksum": "3496f5be007ac1ed6765d02a04beaf80"
        },
        {
          "type": "icon",
          "assetId": "T7xEvb2-bPf-",
          "checksum": "ce030e1234354fb099c8a3e1e484b1d3"
        },
        {
          "type": "icon",
          "assetId": "6fHVNvP83tOp",
          "checksum": "2af15def49186276adfb1067698c8371"
        },
        {
          "type": "icon",
          "assetId": "5YoX-nw4Uw8R",
          "checksum": "9755844f3587ed30edc87d3fea9dd2f5"
        },
        {
          "type": "icon",
          "assetId": "gek1vgOrOq2m",
          "checksum": "d0dfbffb25ff84b039e60eef474b09af"
        },
        {
          "type": "icon",
          "assetId": "jrsV9HnpSWzW",
          "checksum": "421cbc4239357745adc410799ee09d0a"
        },
        {
          "type": "icon",
          "assetId": "EENykJ-uIpHk",
          "checksum": "a0bdcb213ad8ddd40550c5af7ae24b7d"
        },
        {
          "type": "icon",
          "assetId": "6J2BsgGo8FCf",
          "checksum": "3bfd72e0706f406725ae92c06f9d2703"
        },
        {
          "type": "icon",
          "assetId": "0Czax9lmbl_z",
          "checksum": "2aeeca481104f02175d85dcfe413281c"
        },
        {
          "type": "icon",
          "assetId": "YnEuPwfp6b04",
          "checksum": "00fd672995907fac5bf7186415ce1711"
        },
        {
          "type": "icon",
          "assetId": "Jx0x7TRBFgAS",
          "checksum": "c7c3cb195266a2dc222fc94333115bed"
        },
        {
          "type": "icon",
          "assetId": "YreJgU_2pnro",
          "checksum": "30477d92def44b9604d9a91cf6ba8003"
        },
        {
          "type": "icon",
          "assetId": "sSiDX7zixiiE",
          "checksum": "17d87d1f98780c5a4ad480b58e0553c1"
        },
        {
          "type": "icon",
          "assetId": "H8j8mjfhuvgG",
          "checksum": "ded6cffbc9f5e6e64917fbe99bc2f981"
        },
        {
          "type": "icon",
          "assetId": "fbEukJ3kt8ph",
          "checksum": "b7a277d1692b8044052b9c637fcb455b"
        },
        {
          "type": "icon",
          "assetId": "X5hGqJai_jfn",
          "checksum": "a2a5d6ad19f0cee142299234ada653c2"
        },
        {
          "type": "icon",
          "assetId": "vrt6Frs8h9kS",
          "checksum": "d45d5d3eb4e9019cedbd6decd87e7a34"
        },
        {
          "type": "icon",
          "assetId": "Lxx8gccsBipy",
          "checksum": "7ca57fbe0e8b730f080c594d76eaab73"
        },
        {
          "type": "icon",
          "assetId": "oI2IzSaOg-a3",
          "checksum": "36b117dd388c51ccbe8e4185e729a742"
        },
        {
          "type": "image",
          "assetId": "6QJePv-a5pBt",
          "checksum": "6ece60528ba363011211eb6a8fb89281"
        },
        {
          "type": "image",
          "assetId": "2QaQkc0zt9Gw",
          "checksum": "6ed34791f70e3b7abcccc0d5f9580543"
        },
        {
          "type": "image",
          "assetId": "-GZPOADJdleG",
          "checksum": "d367372d51d26b0f48cad3ad18fe75bc"
        },
        {
          "type": "image",
          "assetId": "NWkKeiXs_PoN",
          "checksum": "9932c2342e288a330ddf41bc9a60e544"
        },
        {
          "assetId": "pe9Zx7A91nx77QMfLiKwD",
          "type": "projectCss",
          "checksum": "1bf55c9b998292321f34d947df8b7a68"
        }
      ],
      "codegenVersion": "0.0.1"
    }
  ],
  "cliVersion": "0.1.161"
}
