{
  "projects": [
    {
      "projectId": "seaQhLVS4bbjiGvJJrRwyL",
      "version": "15.0.3",
      "dependencies": {},
      "lang": "ts",
      "fileLocks": [
        {
          "assetId": "seaQhLVS4bbjiGvJJrRwyL",
          "type": "projectCss",
          "checksum": "85f7ca190f576c5a2499623973afb625"
        }
      ]
    },
    {
      "projectId": "pe9Zx7A91nx77QMfLiKwD",
      "version": "latest",
      "dependencies": {
        "seaQhLVS4bbjiGvJJrRwyL": "15.0.3"
      },
      "lang": "ts",
      "fileLocks": [
        {
          "type": "globalVariant",
          "assetId": "wMElkBnuSBnk",
          "checksum": "9762b65169cf80b5456530fe0675f5ac"
        },
        {
          "assetId": "pe9Zx7A91nx77QMfLiKwD",
          "type": "projectCss",
          "checksum": "b86a47a88417fdddd69eeecaddc39111"
        },
        {
          "type": "renderModule",
          "assetId": "zlHPe3CP2d8",
          "checksum": "5c377404c6686bfad0e8d2aa69f958d2"
        },
        {
          "type": "cssRules",
          "assetId": "zlHPe3CP2d8",
          "checksum": "5c377404c6686bfad0e8d2aa69f958d2"
        },
        {
          "type": "renderModule",
          "assetId": "1hDB2iF1uu9",
          "checksum": "9996263fa63964c6b99810b9c641af1e"
        },
        {
          "type": "cssRules",
          "assetId": "1hDB2iF1uu9",
          "checksum": "9996263fa63964c6b99810b9c641af1e"
        },
        {
          "type": "renderModule",
          "assetId": "BFEvheJ68r2",
          "checksum": "a381a66c340148b5e08c5ab3d02737d7"
        },
        {
          "type": "cssRules",
          "assetId": "BFEvheJ68r2",
          "checksum": "a381a66c340148b5e08c5ab3d02737d7"
        },
        {
          "type": "renderModule",
          "assetId": "YmEkrS8oLm8",
          "checksum": "31dccbbdc598646c21dd568a45db7eae"
        },
        {
          "type": "cssRules",
          "assetId": "YmEkrS8oLm8",
          "checksum": "31dccbbdc598646c21dd568a45db7eae"
        },
        {
          "type": "renderModule",
          "assetId": "Vqls-WO8FjU",
          "checksum": "de19817d6c3076349866567c059365d3"
        },
        {
          "type": "cssRules",
          "assetId": "Vqls-WO8FjU",
          "checksum": "de19817d6c3076349866567c059365d3"
        },
        {
          "type": "renderModule",
          "assetId": "BFy4g_2JJp_",
          "checksum": "7feb04d1c21c2a387da57b9cffef03d9"
        },
        {
          "type": "cssRules",
          "assetId": "BFy4g_2JJp_",
          "checksum": "7feb04d1c21c2a387da57b9cffef03d9"
        },
        {
          "type": "renderModule",
          "assetId": "mChVE37Qy1f",
          "checksum": "b9250491833a2b050ecfc1edcc7222e5"
        },
        {
          "type": "cssRules",
          "assetId": "mChVE37Qy1f",
          "checksum": "b9250491833a2b050ecfc1edcc7222e5"
        },
        {
          "type": "renderModule",
          "assetId": "J30t4sgv6Td",
          "checksum": "33c1afa7dbeaab4250d148600f37d270"
        },
        {
          "type": "cssRules",
          "assetId": "J30t4sgv6Td",
          "checksum": "33c1afa7dbeaab4250d148600f37d270"
        },
        {
          "type": "renderModule",
          "assetId": "YlXOHfol-N9v",
          "checksum": "e0ec14ed7ef12e3840220854d706f93b"
        },
        {
          "type": "cssRules",
          "assetId": "YlXOHfol-N9v",
          "checksum": "e0ec14ed7ef12e3840220854d706f93b"
        },
        {
          "type": "renderModule",
          "assetId": "ypmftvh6VAti",
          "checksum": "2b2fb4c66b85eff4f75df7eb6be20b18"
        },
        {
          "type": "cssRules",
          "assetId": "ypmftvh6VAti",
          "checksum": "2b2fb4c66b85eff4f75df7eb6be20b18"
        },
        {
          "type": "renderModule",
          "assetId": "w6naBfCt2sqX",
          "checksum": "eabcdd88db9063a1e8326765cce1c425"
        },
        {
          "type": "cssRules",
          "assetId": "w6naBfCt2sqX",
          "checksum": "eabcdd88db9063a1e8326765cce1c425"
        },
        {
          "type": "renderModule",
          "assetId": "07MxpX7fjHo4",
          "checksum": "c5eb8a25cba53cc708eb7db3be581b29"
        },
        {
          "type": "cssRules",
          "assetId": "07MxpX7fjHo4",
          "checksum": "c5eb8a25cba53cc708eb7db3be581b29"
        },
        {
          "type": "renderModule",
          "assetId": "DlcJ2nDkANPd",
          "checksum": "4f867527090e5b76d37e98ed8fdc15f6"
        },
        {
          "type": "cssRules",
          "assetId": "DlcJ2nDkANPd",
          "checksum": "4f867527090e5b76d37e98ed8fdc15f6"
        },
        {
          "type": "renderModule",
          "assetId": "HDxfYSYlMRl3",
          "checksum": "4b73559d720886666b8c6ba89af5f374"
        },
        {
          "type": "cssRules",
          "assetId": "HDxfYSYlMRl3",
          "checksum": "4b73559d720886666b8c6ba89af5f374"
        },
        {
          "type": "renderModule",
          "assetId": "9gqZVw2Lbl70",
          "checksum": "3af3e87dc32e1e5f2f18159ed87e00f1"
        },
        {
          "type": "cssRules",
          "assetId": "9gqZVw2Lbl70",
          "checksum": "3af3e87dc32e1e5f2f18159ed87e00f1"
        },
        {
          "type": "renderModule",
          "assetId": "0wrj4H0ys-px",
          "checksum": "3bd1dff6c8ee114b7a5927f0ddaa14d8"
        },
        {
          "type": "cssRules",
          "assetId": "0wrj4H0ys-px",
          "checksum": "3bd1dff6c8ee114b7a5927f0ddaa14d8"
        },
        {
          "type": "renderModule",
          "assetId": "9OT7BG60TZM-",
          "checksum": "45280cc8422239df54fac5941ff01026"
        },
        {
          "type": "cssRules",
          "assetId": "9OT7BG60TZM-",
          "checksum": "45280cc8422239df54fac5941ff01026"
        },
        {
          "type": "icon",
          "assetId": "2CAgFO_gdBgk",
          "checksum": "b1a641315557a01b5521eac907394a6a"
        },
        {
          "type": "icon",
          "assetId": "Z-lkPMsc4OE8",
          "checksum": "3496f5be007ac1ed6765d02a04beaf80"
        },
        {
          "type": "icon",
          "assetId": "T7xEvb2-bPf-",
          "checksum": "ce030e1234354fb099c8a3e1e484b1d3"
        },
        {
          "type": "icon",
          "assetId": "6fHVNvP83tOp",
          "checksum": "2af15def49186276adfb1067698c8371"
        },
        {
          "type": "icon",
          "assetId": "5YoX-nw4Uw8R",
          "checksum": "9755844f3587ed30edc87d3fea9dd2f5"
        },
        {
          "type": "icon",
          "assetId": "gek1vgOrOq2m",
          "checksum": "d0dfbffb25ff84b039e60eef474b09af"
        },
        {
          "type": "icon",
          "assetId": "jrsV9HnpSWzW",
          "checksum": "421cbc4239357745adc410799ee09d0a"
        },
        {
          "type": "icon",
          "assetId": "EENykJ-uIpHk",
          "checksum": "a0bdcb213ad8ddd40550c5af7ae24b7d"
        },
        {
          "type": "icon",
          "assetId": "6J2BsgGo8FCf",
          "checksum": "3bfd72e0706f406725ae92c06f9d2703"
        },
        {
          "type": "icon",
          "assetId": "0Czax9lmbl_z",
          "checksum": "2aeeca481104f02175d85dcfe413281c"
        },
        {
          "type": "icon",
          "assetId": "YnEuPwfp6b04",
          "checksum": "00fd672995907fac5bf7186415ce1711"
        },
        {
          "type": "icon",
          "assetId": "Jx0x7TRBFgAS",
          "checksum": "c7c3cb195266a2dc222fc94333115bed"
        },
        {
          "type": "icon",
          "assetId": "YreJgU_2pnro",
          "checksum": "30477d92def44b9604d9a91cf6ba8003"
        },
        {
          "type": "icon",
          "assetId": "sSiDX7zixiiE",
          "checksum": "17d87d1f98780c5a4ad480b58e0553c1"
        },
        {
          "type": "icon",
          "assetId": "H8j8mjfhuvgG",
          "checksum": "ded6cffbc9f5e6e64917fbe99bc2f981"
        },
        {
          "type": "icon",
          "assetId": "fbEukJ3kt8ph",
          "checksum": "b7a277d1692b8044052b9c637fcb455b"
        },
        {
          "type": "icon",
          "assetId": "X5hGqJai_jfn",
          "checksum": "a2a5d6ad19f0cee142299234ada653c2"
        },
        {
          "type": "icon",
          "assetId": "vrt6Frs8h9kS",
          "checksum": "d45d5d3eb4e9019cedbd6decd87e7a34"
        },
        {
          "type": "icon",
          "assetId": "Lxx8gccsBipy",
          "checksum": "7ca57fbe0e8b730f080c594d76eaab73"
        },
        {
          "type": "icon",
          "assetId": "oI2IzSaOg-a3",
          "checksum": "36b117dd388c51ccbe8e4185e729a742"
        },
        {
          "type": "image",
          "assetId": "6QJePv-a5pBt",
          "checksum": "1fe8f980a777598d2620e2acb7eb8cca"
        },
        {
          "type": "image",
          "assetId": "2QaQkc0zt9Gw",
          "checksum": "b5abbd84a75caa42ad200b5cab6b67ea"
        },
        {
          "type": "image",
          "assetId": "-GZPOADJdleG",
          "checksum": "c66f3818083d4956f24487cb944dedc2"
        },
        {
          "type": "image",
          "assetId": "NWkKeiXs_PoN",
          "checksum": "bee83d3f72016ceb682576eaf8a03501"
        }
      ]
    }
  ],
  "cliVersion": "0.1.161"
}
